
Microsoft Visual Studio Solution File, Format Version 12.00
# Visual Studio 2012
Project("{2150E333-8FDC-42A3-9474-1A3956D46DE8}") = ".nuget", ".nuget", "{45901D62-B845-42D7-88C6-00EDE24D5693}"
	ProjectSection(SolutionItems) = preProject
		.nuget\NuGet.Config = .nuget\NuGet.Config
		.nuget\NuGet.exe = .nuget\NuGet.exe
		.nuget\NuGet.targets = .nuget\NuGet.targets
	EndProjectSection
EndProject
Project("{FAE04EC0-301F-11D3-BF4B-00C04F79EFBC}") = "TranslationHelper", "TranslationHelper\TranslationHelper.csproj", "{8009D60D-578C-44B1-9D36-89777B93233F}"
EndProject
Project("{FAE04EC0-301F-11D3-BF4B-00C04F79EFBC}") = "TranslationHelperTests", "TranslationHelperTests\TranslationHelperTests.csproj", "{5987327B-193D-4B5D-B128-441F2980FCE7}"
EndProject
Global
	GlobalSection(SolutionConfigurationPlatforms) = preSolution
		Debug|Any CPU = Debug|Any CPU
		Debug|Mixed Platforms = Debug|Mixed Platforms
		Debug|x86 = Debug|x86
		Release|Any CPU = Release|Any CPU
		Release|Mixed Platforms = Release|Mixed Platforms
		Release|x86 = Release|x86
	EndGlobalSection
	GlobalSection(ProjectConfigurationPlatforms) = postSolution
		{8009D60D-578C-44B1-9D36-89777B93233F}.Debug|Any CPU.ActiveCfg = Debug|x86
		{8009D60D-578C-44B1-9D36-89777B93233F}.Debug|Mixed Platforms.ActiveCfg = Debug|x86
		{8009D60D-578C-44B1-9D36-89777B93233F}.Debug|Mixed Platforms.Build.0 = Debug|x86
		{8009D60D-578C-44B1-9D36-89777B93233F}.Debug|x86.ActiveCfg = Debug|x86
		{8009D60D-578C-44B1-9D36-89777B93233F}.Debug|x86.Build.0 = Debug|x86
		{8009D60D-578C-44B1-9D36-89777B93233F}.Release|Any CPU.ActiveCfg = Release|x86
		{8009D60D-578C-44B1-9D36-89777B93233F}.Release|Mixed Platforms.ActiveCfg = Release|x86
		{8009D60D-578C-44B1-9D36-89777B93233F}.Release|Mixed Platforms.Build.0 = Release|x86
		{8009D60D-578C-44B1-9D36-89777B93233F}.Release|x86.ActiveCfg = Release|x86
		{8009D60D-578C-44B1-9D36-89777B93233F}.Release|x86.Build.0 = Release|x86
		{5987327B-193D-4B5D-B128-441F2980FCE7}.Debug|Any CPU.ActiveCfg = Debug|Any CPU
		{5987327B-193D-4B5D-B128-441F2980FCE7}.Debug|Any CPU.Build.0 = Debug|Any CPU
		{5987327B-193D-4B5D-B128-441F2980FCE7}.Debug|Mixed Platforms.ActiveCfg = Debug|Any CPU
		{5987327B-193D-4B5D-B128-441F2980FCE7}.Debug|Mixed Platforms.Build.0 = Debug|Any CPU
		{5987327B-193D-4B5D-B128-441F2980FCE7}.Debug|x86.ActiveCfg = Debug|Any CPU
		{5987327B-193D-4B5D-B128-441F2980FCE7}.Release|Any CPU.ActiveCfg = Release|Any CPU
		{5987327B-193D-4B5D-B128-441F2980FCE7}.Release|Any CPU.Build.0 = Release|Any CPU
		{5987327B-193D-4B5D-B128-441F2980FCE7}.Release|Mixed Platforms.ActiveCfg = Release|Any CPU
		{5987327B-193D-4B5D-B128-441F2980FCE7}.Release|Mixed Platforms.Build.0 = Release|Any CPU
		{5987327B-193D-4B5D-B128-441F2980FCE7}.Release|x86.ActiveCfg = Release|Any CPU
	EndGlobalSection
	GlobalSection(SolutionProperties) = preSolution
		HideSolutionNode = FALSE
	EndGlobalSection
EndGlobal
